
Microsoft Visual Studio Solution File, Format Version 12.00
# Visual Studio Version 17
VisualStudioVersion = 17.11.35219.272
MinimumVisualStudioVersion = 10.0.40219.1
Project("{FAE04EC0-301F-11D3-BF4B-00C04F79EFBC}") = "LightNightScreenSaver", "LightNightScreenSaver\LightNightScreenSaver.csproj", "{A946241C-8B34-493F-826E-678E3EABA464}"
EndProject
Global
	GlobalSection(SolutionConfigurationPlatforms) = preSolution
		Debug|Any CPU = Debug|Any CPU
		Release|Any CPU = Release|Any CPU
	EndGlobalSection
	GlobalSection(ProjectConfigurationPlatforms) = postSolution
		{A946241C-8B34-493F-826E-678E3EABA464}.Debug|Any CPU.ActiveCfg = Debug|Any CPU
		{A946241C-8B34-493F-826E-678E3EABA464}.Debug|Any CPU.Build.0 = Debug|Any CPU
		{A946241C-8B34-493F-826E-678E3EABA464}.Release|Any CPU.ActiveCfg = Release|Any CPU
		{A946241C-8B34-493F-826E-678E3EABA464}.Release|Any CPU.Build.0 = Release|Any CPU
	EndGlobalSection
	GlobalSection(SolutionProperties) = preSolution
		HideSolutionNode = FALSE
	EndGlobalSection
	GlobalSection(ExtensibilityGlobals) = postSolution
		SolutionGuid = {347BAB44-A0C2-4AE3-B8A0-213A5DEB27F4}
	EndGlobalSection
EndGlobal
